
Microsoft Visual Studio Solution File, Format Version 12.00
# Visual Studio Version 16
VisualStudioVersion = 16.0.31702.278
MinimumVisualStudioVersion = 10.0.40219.1
Project("{FAE04EC0-301F-11D3-BF4B-00C04F79EFBC}") = "Startup Project", "Startup Project\Startup Project.csproj", "{030BAD52-5622-4298-A0B5-2F3DD50033B7}"
EndProject
Global
	GlobalSection(SolutionConfigurationPlatforms) = preSolution
		Debug|Any CPU = Debug|Any CPU
		Release|Any CPU = Release|Any CPU
	EndGlobalSection
	GlobalSection(ProjectConfigurationPlatforms) = postSolution
		{030BAD52-5622-4298-A0B5-2F3DD50033B7}.Debug|Any CPU.ActiveCfg = Debug|Any CPU
		{030BAD52-5622-4298-A0B5-2F3DD50033B7}.Debug|Any CPU.Build.0 = Debug|Any CPU
		{030BAD52-5622-4298-A0B5-2F3DD50033B7}.Release|Any CPU.ActiveCfg = Release|Any CPU
		{030BAD52-5622-4298-A0B5-2F3DD50033B7}.Release|Any CPU.Build.0 = Release|Any CPU
	EndGlobalSection
	GlobalSection(SolutionProperties) = preSolution
		HideSolutionNode = FALSE
	EndGlobalSection
	GlobalSection(ExtensibilityGlobals) = postSolution
		SolutionGuid = {696774A6-452C-44BD-91F6-C3BEC721C855}
	EndGlobalSection
EndGlobal
